# This file is generated by running "yarn install" inside your project.
# Manual changes might be lost - proceed with caution!

__metadata:
  version: 8
  cacheKey: 10c0

"@isaacs/balanced-match@npm:^4.0.1":
  version: 4.0.1
  resolution: "@isaacs/balanced-match@npm:4.0.1"
  checksum: 10c0/7da011805b259ec5c955f01cee903da72ad97c5e6f01ca96197267d3f33103d5b2f8a1af192140f3aa64526c593c8d098ae366c2b11f7f17645d12387c2fd420
  languageName: node
  linkType: hard

"@isaacs/brace-expansion@npm:^5.0.1":
  version: 5.0.1
  resolution: "@isaacs/brace-expansion@npm:5.0.1"
  dependencies:
    "@isaacs/balanced-match": "npm:^4.0.1"
  checksum: 10c0/e5d67c7bbf1f17b88132a35bc638af306d48acbb72810d48fa6e6edd8ab375854773108e8bf70f021f7ef6a8273455a6d1f0c3b5aa2aff06ce7894049ab77fb8
  languageName: node
  linkType: hard

"async@npm:0.2.x":
  version: 0.2.10
  resolution: "async@npm:0.2.10"
  checksum: 10c0/714d284dc6c3ae59f3e8b347083e32c7657ba4ffc4ff945eb152ad4fb08def27e768992fcd4d9fd3b411c6b42f1541862ac917446bf2a1acfa0f302d1001f7d2
  languageName: node
  linkType: hard

"cli@npm:0.4.x":
  version: 0.4.5
  resolution: "cli@npm:0.4.5"
  dependencies:
    glob: "npm:>= 3.1.4"
  checksum: 10c0/768caa052239c69068f3c5036d4cc8fef4c692bd7a8092679731e8b9f845f7f414892f3a80056568f7889893ce13ab4f94423f07f01362a2de1aa0573c7a8fdc
  languageName: node
  linkType: hard

"cliff@npm:0.1.x":
  version: 0.1.10
  resolution: "cliff@npm:0.1.10"
  dependencies:
    colors: "npm:~1.0.3"
    eyes: "npm:~0.1.8"
    winston: "npm:0.8.x"
  checksum: 10c0/2897fbbca6425ce85b142b906d10bce1fbc74834074f009fcc700cee49dac2720ba1d22cb3e120b0ede273ad057d3f275ea4e73ad3963dee80a64c4c513141cb
  languageName: node
  linkType: hard

"colors@npm:0.6.x":
  version: 0.6.2
  resolution: "colors@npm:0.6.2"
  checksum: 10c0/20d18fa221e0817f01f10cf2ec46c42c34cd462af03ee36ec4e459015ca1bf3c7626737cfaf953051a0479719ed0e8987423e18f6a6fc44dd35c87b1dfb71358
  languageName: node
  linkType: hard

"colors@npm:~1.0.3":
  version: 1.0.3
  resolution: "colors@npm:1.0.3"
  checksum: 10c0/f9e40dd8b3e1a65378a7ced3fced15ddfd60aaf38e99a7521a7fdb25056b15e092f651cd0f5aa1e9b04fa8ce3616d094e07fc6c2bb261e24098db1ddd3d09a1d
  languageName: node
  linkType: hard

"cycle@npm:1.0.x":
  version: 1.0.3
  resolution: "cycle@npm:1.0.3"
  checksum: 10c0/f38aae412cea9e895e963e0ff8d4d19852e53b630e7fc1dd078da551f3a4c0a98c5f026d4626dfc0b42648b804dabf13a56faace60b09cf6f3cc706c0819f119
  languageName: node
  linkType: hard

"eyes@npm:0.1.x, eyes@npm:~0.1.8":
  version: 0.1.8
  resolution: "eyes@npm:0.1.8"
  checksum: 10c0/4c79a9cbf45746d8c9f48cc957e35ad8ea336add1c7b8d5a0e002efc791a7a62b27b2188184ef1a1eea7bc3cd06b161791421e0e6c5fe78309705a162c53eea8
  languageName: node
  linkType: hard

"glob@npm:>= 3.1.4":
  version: 13.0.1
  resolution: "glob@npm:13.0.1"
  dependencies:
    minimatch: "npm:^10.1.2"
    minipass: "npm:^7.1.2"
    path-scurry: "npm:^2.0.0"
  checksum: 10c0/af7b863dec8dff74f61d7d6e53104e1f6bbdd482157a196cade8ed857481e876ec35181b38a059b2a7b93ea3b08248f4ff0792fef6dc91814fd5097a716f48e4
  languageName: node
  linkType: hard

"ipv6@npm:*":
  version: 3.1.3
  resolution: "ipv6@npm:3.1.3"
  dependencies:
    cli: "npm:0.4.x"
    cliff: "npm:0.1.x"
    sprintf: "npm:0.1.x"
  bin:
    ipv6: bin/ipv6.js
    ipv6grep: bin/ipv6grep.js
  checksum: 10c0/82b63e402a8901366567a1f104c3aab6d5984023263880f2ec64846400bda84d4e3cc508eb12586350dee6362b1a1bb30ea6a3695dfbaf5d7794284c724ebb98
  languageName: node
  linkType: hard

"isstream@npm:0.1.x":
  version: 0.1.2
  resolution: "isstream@npm:0.1.2"
  checksum: 10c0/a6686a878735ca0a48e0d674dd6d8ad31aedfaf70f07920da16ceadc7577b46d67179a60b313f2e6860cb097a2c2eb3cbd0b89e921ae89199a59a17c3273d66f
  languageName: node
  linkType: hard

"lru-cache@npm:^11.0.0":
  version: 11.2.5
  resolution: "lru-cache@npm:11.2.5"
  checksum: 10c0/cc98958d25dddf1c8a8cbdc49588bd3b24450e8dfa78f32168fd188a20d4a0331c7406d0f3250c86a46619ee288056fd7a1195e8df56dc8a9592397f4fbd8e1d
  languageName: node
  linkType: hard

"minimatch@npm:^10.1.2":
  version: 10.1.2
  resolution: "minimatch@npm:10.1.2"
  dependencies:
    "@isaacs/brace-expansion": "npm:^5.0.1"
  checksum: 10c0/0cccef3622201703de6ecf9d772c0be1d5513dcc038ed9feb866c20cf798243e678ac35605dac3f1a054650c28037486713fe9e9a34b184b9097959114daf086
  languageName: node
  linkType: hard

"minipass@npm:^7.1.2":
  version: 7.1.2
  resolution: "minipass@npm:7.1.2"
  checksum: 10c0/b0fd20bb9fb56e5fa9a8bfac539e8915ae07430a619e4b86ff71f5fc757ef3924b23b2c4230393af1eda647ed3d75739e4e0acb250a6b1eb277cf7f8fe449557
  languageName: node
  linkType: hard

"path-scurry@npm:^2.0.0":
  version: 2.0.1
  resolution: "path-scurry@npm:2.0.1"
  dependencies:
    lru-cache: "npm:^11.0.0"
    minipass: "npm:^7.1.2"
  checksum: 10c0/2a16ed0e81fbc43513e245aa5763354e25e787dab0d539581a6c3f0f967461a159ed6236b2559de23aa5b88e7dc32b469b6c47568833dd142a4b24b4f5cd2620
  languageName: node
  linkType: hard

"pkginfo@npm:0.3.x":
  version: 0.3.1
  resolution: "pkginfo@npm:0.3.1"
  checksum: 10c0/ff3757f4e4866e9c200da7c7693893c19011c8ca0e4eddc82344ad01451b7674d069fa97cf771279ff877b3f363035f6ea7c849ff4758e44a4503867484b55fb
  languageName: node
  linkType: hard

"socksv5@npm:^0.0.6":
  version: 0.0.6
  resolution: "socksv5@npm:0.0.6"
  dependencies:
    ipv6: "npm:*"
  checksum: 10c0/9d5956b04d5cde4811578339365488f5088def086c7f4f24bd8acbafda5b3338029206494cd9afe960e25d967d1c0a22a4ab3cb16b1de87eb0a5cd3b0ba75c8a
  languageName: node
  linkType: hard

"sprintf@npm:0.1.x":
  version: 0.1.5
  resolution: "sprintf@npm:0.1.5"
  checksum: 10c0/fe2f156ee10829808f095330778de0e30cf4d0eb8be7a66ce259a8f2ff8eff881b116619c38b703ea9d75262fb79e58c4005bc161d7bd42be0e2a33456f4c835
  languageName: node
  linkType: hard

"stack-trace@npm:0.0.x":
  version: 0.0.10
  resolution: "stack-trace@npm:0.0.10"
  checksum: 10c0/9ff3dabfad4049b635a85456f927a075c9d0c210e3ea336412d18220b2a86cbb9b13ec46d6c37b70a302a4ea4d49e30e5d4944dd60ae784073f1cde778ac8f4b
  languageName: node
  linkType: hard

"winston@npm:0.8.x":
  version: 0.8.3
  resolution: "winston@npm:0.8.3"
  dependencies:
    async: "npm:0.2.x"
    colors: "npm:0.6.x"
    cycle: "npm:1.0.x"
    eyes: "npm:0.1.x"
    isstream: "npm:0.1.x"
    pkginfo: "npm:0.3.x"
    stack-trace: "npm:0.0.x"
  checksum: 10c0/3ce815a6ce05210ea93eea93fbeda154dc76f9c63127d3385b31aec26e52c18f4cde4279d31304bca415ac7645b10a92084ec8a109070aad8494a2f29906d890
  languageName: node
  linkType: hard

"ytd-residential-proxy@workspace:.":
  version: 0.0.0-use.local
  resolution: "ytd-residential-proxy@workspace:."
  dependencies:
    socksv5: "npm:^0.0.6"
  languageName: unknown
  linkType: soft
